
Microsoft Visual Studio Solution File, Format Version 12.00
# Visual Studio 15
VisualStudioVersion = 15.0.28307.1525
MinimumVisualStudioVersion = 10.0.40219.1
Project("{FAE04EC0-301F-11D3-BF4B-00C04F79EFBC}") = "FIT5032_MyFirstWebApplication", "FIT5032_MyFirstWebApplication\FIT5032_MyFirstWebApplication.csproj", "{781D0FD5-2B63-44B5-BD9B-B75FAFBDE4DB}"
EndProject
Global
	GlobalSection(SolutionConfigurationPlatforms) = preSolution
		Debug|Any CPU = Debug|Any CPU
		Release|Any CPU = Release|Any CPU
	EndGlobalSection
	GlobalSection(ProjectConfigurationPlatforms) = postSolution
		{781D0FD5-2B63-44B5-BD9B-B75FAFBDE4DB}.Debug|Any CPU.ActiveCfg = Debug|Any CPU
		{781D0FD5-2B63-44B5-BD9B-B75FAFBDE4DB}.Debug|Any CPU.Build.0 = Debug|Any CPU
		{781D0FD5-2B63-44B5-BD9B-B75FAFBDE4DB}.Release|Any CPU.ActiveCfg = Release|Any CPU
		{781D0FD5-2B63-44B5-BD9B-B75FAFBDE4DB}.Release|Any CPU.Build.0 = Release|Any CPU
	EndGlobalSection
	GlobalSection(SolutionProperties) = preSolution
		HideSolutionNode = FALSE
	EndGlobalSection
	GlobalSection(ExtensibilityGlobals) = postSolution
		SolutionGuid = {3FF92A65-2D22-4260-AF7C-CADE58E349F8}
	EndGlobalSection
EndGlobal
